
Microsoft Visual Studio Solution File, Format Version 12.00
# Visual Studio 15
VisualStudioVersion = 15.0.27004.2010
MinimumVisualStudioVersion = 10.0.40219.1
Project("{FAE04EC0-301F-11D3-BF4B-00C04F79EFBC}") = "ProductsShop.Models", "ProductsShop.Models\ProductsShop.Models.csproj", "{FE347227-6131-47D3-ACCC-6E1CD35B883A}"
EndProject
Project("{FAE04EC0-301F-11D3-BF4B-00C04F79EFBC}") = "ProductsShop.Data", "ProductsShop.Data\ProductsShop.Data.csproj", "{ADA28F4B-D055-4BE4-A8B0-EE1BEDF31D5A}"
EndProject
Project("{FAE04EC0-301F-11D3-BF4B-00C04F79EFBC}") = "ProductsShop.App", "ProductsShop.App\ProductsShop.App.csproj", "{F21ED741-56D4-4B5C-BBB0-704B6392807E}"
EndProject
Global
	GlobalSection(SolutionConfigurationPlatforms) = preSolution
		Debug|Any CPU = Debug|Any CPU
		Release|Any CPU = Release|Any CPU
	EndGlobalSection
	GlobalSection(ProjectConfigurationPlatforms) = postSolution
		{FE347227-6131-47D3-ACCC-6E1CD35B883A}.Debug|Any CPU.ActiveCfg = Debug|Any CPU
		{FE347227-6131-47D3-ACCC-6E1CD35B883A}.Debug|Any CPU.Build.0 = Debug|Any CPU
		{FE347227-6131-47D3-ACCC-6E1CD35B883A}.Release|Any CPU.ActiveCfg = Release|Any CPU
		{FE347227-6131-47D3-ACCC-6E1CD35B883A}.Release|Any CPU.Build.0 = Release|Any CPU
		{ADA28F4B-D055-4BE4-A8B0-EE1BEDF31D5A}.Debug|Any CPU.ActiveCfg = Debug|Any CPU
		{ADA28F4B-D055-4BE4-A8B0-EE1BEDF31D5A}.Debug|Any CPU.Build.0 = Debug|Any CPU
		{ADA28F4B-D055-4BE4-A8B0-EE1BEDF31D5A}.Release|Any CPU.ActiveCfg = Release|Any CPU
		{ADA28F4B-D055-4BE4-A8B0-EE1BEDF31D5A}.Release|Any CPU.Build.0 = Release|Any CPU
		{F21ED741-56D4-4B5C-BBB0-704B6392807E}.Debug|Any CPU.ActiveCfg = Debug|Any CPU
		{F21ED741-56D4-4B5C-BBB0-704B6392807E}.Debug|Any CPU.Build.0 = Debug|Any CPU
		{F21ED741-56D4-4B5C-BBB0-704B6392807E}.Release|Any CPU.ActiveCfg = Release|Any CPU
		{F21ED741-56D4-4B5C-BBB0-704B6392807E}.Release|Any CPU.Build.0 = Release|Any CPU
	EndGlobalSection
	GlobalSection(SolutionProperties) = preSolution
		HideSolutionNode = FALSE
	EndGlobalSection
	GlobalSection(ExtensibilityGlobals) = postSolution
		SolutionGuid = {2189401E-8C71-4328-9F4D-C34B63661B48}
	EndGlobalSection
EndGlobal
